{
  "originHash" : "d285298cac0c32ae468f201edfcc80713818585d7d212c53ce68da4fd8123690",
  "pins" : [
    {
      "identity" : "alamofire",
      "kind" : "remoteSourceControl",
      "location" : "https://github.com/alamofire/alamofire",
      "state" : {
        "revision" : "f455c2975872ccd2d9c81594c658af65716e9b9a",
        "version" : "5.9.1"
      }
    },
    {
      "identity" : "flowkit?tab=readme-ov-file",
      "kind" : "remoteSourceControl",
      "location" : "https://github.com/Mercen-Lee/FlowKit?tab=readme-ov-file",
      "state" : {
        "branch" : "main",
        "revision" : "71ee3f7414747e16f320a6f6b424152e22d9d694"
      }
    }
  ],
  "version" : 3
}
