// !$*UTF8*$!
{
	archiveVersion = 1;
	classes = {
	};
	objectVersion = 56;
	objects = {

/* Begin PBXBuildFile section */
		651243282C7885D3008E798D /* SignUpViewModel.swift in Sources */ = {isa = PBXBuildFile; fileRef = 651243272C7885D3008E798D /* SignUpViewModel.swift */; };
		6512432C2C7886E8008E798D /* SignUpModel.swift in Sources */ = {isa = PBXBuildFile; fileRef = 6512432B2C7886E8008E798D /* SignUpModel.swift */; };
		6512432E2C7889AD008E798D /* LoginViewModel.swift in Sources */ = {isa = PBXBuildFile; fileRef = 6512432D2C7889AD008E798D /* LoginViewModel.swift */; };
		651243302C7889FD008E798D /* LoginModel.swift in Sources */ = {isa = PBXBuildFile; fileRef = 6512432F2C7889FD008E798D /* LoginModel.swift */; };
		6512EB4D2C7736170044FDEE /* FinderApp.swift in Sources */ = {isa = PBXBuildFile; fileRef = 6512EB4C2C7736170044FDEE /* FinderApp.swift */; };
		6512EB512C7736180044FDEE /* Assets.xcassets in Resources */ = {isa = PBXBuildFile; fileRef = 6512EB502C7736180044FDEE /* Assets.xcassets */; };
		6512EB542C7736180044FDEE /* Preview Assets.xcassets in Resources */ = {isa = PBXBuildFile; fileRef = 6512EB532C7736180044FDEE /* Preview Assets.xcassets */; };
		6512EB5F2C7737B40044FDEE /* Alamofire in Frameworks */ = {isa = PBXBuildFile; productRef = 6512EB5E2C7737B40044FDEE /* Alamofire */; };
		6512EB632C7737D00044FDEE /* SignUpView.swift in Sources */ = {isa = PBXBuildFile; fileRef = 6512EB622C7737D00044FDEE /* SignUpView.swift */; };
		6512EB652C7737DA0044FDEE /* LoginView.swift in Sources */ = {isa = PBXBuildFile; fileRef = 6512EB642C7737DA0044FDEE /* LoginView.swift */; };
		6512EB672C7737F50044FDEE /* MainView.swift in Sources */ = {isa = PBXBuildFile; fileRef = 6512EB662C7737F50044FDEE /* MainView.swift */; };
		657C4E982C8AD72D00FE63E1 /* Textfield.swift in Sources */ = {isa = PBXBuildFile; fileRef = 657C4E972C8AD72D00FE63E1 /* Textfield.swift */; };
		657C4E9B2C8AE2BC00FE63E1 /* TokenResponse.swift in Sources */ = {isa = PBXBuildFile; fileRef = 657C4E9A2C8AE2BC00FE63E1 /* TokenResponse.swift */; };
		65FEC7082C8F25040067A2C5 /* ProgressBarView.swift in Sources */ = {isa = PBXBuildFile; fileRef = 65FEC7072C8F25040067A2C5 /* ProgressBarView.swift */; };
		65FEC7142C8F3A780067A2C5 /* Pretendard-Black.ttf in Resources */ = {isa = PBXBuildFile; fileRef = 65FEC70B2C8F3A770067A2C5 /* Pretendard-Black.ttf */; };
		65FEC7152C8F3A780067A2C5 /* Pretendard-SemiBold.ttf in Resources */ = {isa = PBXBuildFile; fileRef = 65FEC70C2C8F3A770067A2C5 /* Pretendard-SemiBold.ttf */; };
		65FEC7162C8F3A780067A2C5 /* Pretendard-ExtraLight.ttf in Resources */ = {isa = PBXBuildFile; fileRef = 65FEC70D2C8F3A770067A2C5 /* Pretendard-ExtraLight.ttf */; };
		65FEC7172C8F3A780067A2C5 /* Pretendard-Thin.ttf in Resources */ = {isa = PBXBuildFile; fileRef = 65FEC70E2C8F3A770067A2C5 /* Pretendard-Thin.ttf */; };
		65FEC7182C8F3A780067A2C5 /* Pretendard-Bold.ttf in Resources */ = {isa = PBXBuildFile; fileRef = 65FEC70F2C8F3A780067A2C5 /* Pretendard-Bold.ttf */; };
		65FEC7192C8F3A780067A2C5 /* Pretendard-Medium.ttf in Resources */ = {isa = PBXBuildFile; fileRef = 65FEC7102C8F3A780067A2C5 /* Pretendard-Medium.ttf */; };
		65FEC71A2C8F3A780067A2C5 /* Pretendard-Light.ttf in Resources */ = {isa = PBXBuildFile; fileRef = 65FEC7112C8F3A780067A2C5 /* Pretendard-Light.ttf */; };
		65FEC71B2C8F3A780067A2C5 /* Pretendard-Regular.ttf in Resources */ = {isa = PBXBuildFile; fileRef = 65FEC7122C8F3A780067A2C5 /* Pretendard-Regular.ttf */; };
		65FEC71C2C8F3A780067A2C5 /* Pretendard-ExtraBold.ttf in Resources */ = {isa = PBXBuildFile; fileRef = 65FEC7132C8F3A780067A2C5 /* Pretendard-ExtraBold.ttf */; };
		65FEC71F2C8FC0380067A2C5 /* EmailAuthenticationView.swift in Sources */ = {isa = PBXBuildFile; fileRef = 65FEC71E2C8FC0380067A2C5 /* EmailAuthenticationView.swift */; };
		65FEC7222C8FC0710067A2C5 /* PasswordsettingView.swift in Sources */ = {isa = PBXBuildFile; fileRef = 65FEC7212C8FC0710067A2C5 /* PasswordsettingView.swift */; };
		65FEC7252C8FC0960067A2C5 /* AreasettingView.swift in Sources */ = {isa = PBXBuildFile; fileRef = 65FEC7242C8FC0960067A2C5 /* AreasettingView.swift */; };
/* End PBXBuildFile section */

/* Begin PBXFileReference section */
		651243272C7885D3008E798D /* SignUpViewModel.swift */ = {isa = PBXFileReference; lastKnownFileType = sourcecode.swift; path = SignUpViewModel.swift; sourceTree = "<group>"; };
		6512432B2C7886E8008E798D /* SignUpModel.swift */ = {isa = PBXFileReference; lastKnownFileType = sourcecode.swift; path = SignUpModel.swift; sourceTree = "<group>"; };
		6512432D2C7889AD008E798D /* LoginViewModel.swift */ = {isa = PBXFileReference; lastKnownFileType = sourcecode.swift; path = LoginViewModel.swift; sourceTree = "<group>"; };
		6512432F2C7889FD008E798D /* LoginModel.swift */ = {isa = PBXFileReference; lastKnownFileType = sourcecode.swift; path = LoginModel.swift; sourceTree = "<group>"; };
		6512EB492C7736170044FDEE /* Finder.app */ = {isa = PBXFileReference; explicitFileType = wrapper.application; includeInIndex = 0; path = Finder.app; sourceTree = BUILT_PRODUCTS_DIR; };
		6512EB4C2C7736170044FDEE /* FinderApp.swift */ = {isa = PBXFileReference; lastKnownFileType = sourcecode.swift; path = FinderApp.swift; sourceTree = "<group>"; };
		6512EB502C7736180044FDEE /* Assets.xcassets */ = {isa = PBXFileReference; lastKnownFileType = folder.assetcatalog; path = Assets.xcassets; sourceTree = "<group>"; };
		6512EB532C7736180044FDEE /* Preview Assets.xcassets */ = {isa = PBXFileReference; lastKnownFileType = folder.assetcatalog; path = "Preview Assets.xcassets"; sourceTree = "<group>"; };
		6512EB5A2C77363C0044FDEE /* Info.plist */ = {isa = PBXFileReference; lastKnownFileType = text.plist; path = Info.plist; sourceTree = "<group>"; };
		6512EB622C7737D00044FDEE /* SignUpView.swift */ = {isa = PBXFileReference; lastKnownFileType = sourcecode.swift; path = SignUpView.swift; sourceTree = "<group>"; };
		6512EB642C7737DA0044FDEE /* LoginView.swift */ = {isa = PBXFileReference; lastKnownFileType = sourcecode.swift; path = LoginView.swift; sourceTree = "<group>"; };
		6512EB662C7737F50044FDEE /* MainView.swift */ = {isa = PBXFileReference; lastKnownFileType = sourcecode.swift; path = MainView.swift; sourceTree = "<group>"; };
		657C4E972C8AD72D00FE63E1 /* Textfield.swift */ = {isa = PBXFileReference; lastKnownFileType = sourcecode.swift; path = Textfield.swift; sourceTree = "<group>"; };
		657C4E9A2C8AE2BC00FE63E1 /* TokenResponse.swift */ = {isa = PBXFileReference; lastKnownFileType = sourcecode.swift; path = TokenResponse.swift; sourceTree = "<group>"; };
		65FEC7072C8F25040067A2C5 /* ProgressBarView.swift */ = {isa = PBXFileReference; lastKnownFileType = sourcecode.swift; path = ProgressBarView.swift; sourceTree = "<group>"; };
		65FEC70B2C8F3A770067A2C5 /* Pretendard-Black.ttf */ = {isa = PBXFileReference; lastKnownFileType = file; path = "Pretendard-Black.ttf"; sourceTree = "<group>"; };
		65FEC70C2C8F3A770067A2C5 /* Pretendard-SemiBold.ttf */ = {isa = PBXFileReference; lastKnownFileType = file; path = "Pretendard-SemiBold.ttf"; sourceTree = "<group>"; };
		65FEC70D2C8F3A770067A2C5 /* Pretendard-ExtraLight.ttf */ = {isa = PBXFileReference; lastKnownFileType = file; path = "Pretendard-ExtraLight.ttf"; sourceTree = "<group>"; };
		65FEC70E2C8F3A770067A2C5 /* Pretendard-Thin.ttf */ = {isa = PBXFileReference; lastKnownFileType = file; path = "Pretendard-Thin.ttf"; sourceTree = "<group>"; };
		65FEC70F2C8F3A780067A2C5 /* Pretendard-Bold.ttf */ = {isa = PBXFileReference; lastKnownFileType = file; path = "Pretendard-Bold.ttf"; sourceTree = "<group>"; };
		65FEC7102C8F3A780067A2C5 /* Pretendard-Medium.ttf */ = {isa = PBXFileReference; lastKnownFileType = file; path = "Pretendard-Medium.ttf"; sourceTree = "<group>"; };
		65FEC7112C8F3A780067A2C5 /* Pretendard-Light.ttf */ = {isa = PBXFileReference; lastKnownFileType = file; path = "Pretendard-Light.ttf"; sourceTree = "<group>"; };
		65FEC7122C8F3A780067A2C5 /* Pretendard-Regular.ttf */ = {isa = PBXFileReference; lastKnownFileType = file; path = "Pretendard-Regular.ttf"; sourceTree = "<group>"; };
		65FEC7132C8F3A780067A2C5 /* Pretendard-ExtraBold.ttf */ = {isa = PBXFileReference; lastKnownFileType = file; path = "Pretendard-ExtraBold.ttf"; sourceTree = "<group>"; };
		65FEC71E2C8FC0380067A2C5 /* EmailAuthenticationView.swift */ = {isa = PBXFileReference; lastKnownFileType = sourcecode.swift; path = EmailAuthenticationView.swift; sourceTree = "<group>"; };
		65FEC7212C8FC0710067A2C5 /* PasswordsettingView.swift */ = {isa = PBXFileReference; lastKnownFileType = sourcecode.swift; path = PasswordsettingView.swift; sourceTree = "<group>"; };
		65FEC7242C8FC0960067A2C5 /* AreasettingView.swift */ = {isa = PBXFileReference; lastKnownFileType = sourcecode.swift; path = AreasettingView.swift; sourceTree = "<group>"; };
/* End PBXFileReference section */

/* Begin PBXFrameworksBuildPhase section */
		6512EB462C7736170044FDEE /* Frameworks */ = {
			isa = PBXFrameworksBuildPhase;
			buildActionMask = 2147483647;
			files = (
				6512EB5F2C7737B40044FDEE /* Alamofire in Frameworks */,
			);
			runOnlyForDeploymentPostprocessing = 0;
		};
/* End PBXFrameworksBuildPhase section */

/* Begin PBXGroup section */
		6512431B2C787EEE008E798D /* Feature */ = {
			isa = PBXGroup;
			children = (
				651243242C7880F2008E798D /* Home */,
				651243202C787FDF008E798D /* Auth */,
			);
			path = Feature;
			sourceTree = "<group>";
		};
		6512431E2C787F12008E798D /* Application */ = {
			isa = PBXGroup;
			children = (
				6512EB4C2C7736170044FDEE /* FinderApp.swift */,
			);
			path = Application;
			sourceTree = "<group>";
		};
		651243202C787FDF008E798D /* Auth */ = {
			isa = PBXGroup;
			children = (
				651243232C788062008E798D /* Signup */,
				651243222C78803B008E798D /* Signin */,
			);
			path = Auth;
			sourceTree = "<group>";
		};
		651243222C78803B008E798D /* Signin */ = {
			isa = PBXGroup;
			children = (
				6512432D2C7889AD008E798D /* LoginViewModel.swift */,
				6512EB642C7737DA0044FDEE /* LoginView.swift */,
			);
			path = Signin;
			sourceTree = "<group>";
		};
		651243232C788062008E798D /* Signup */ = {
			isa = PBXGroup;
			children = (
				651243272C7885D3008E798D /* SignUpViewModel.swift */,
				6512EB622C7737D00044FDEE /* SignUpView.swift */,
				65FEC7232C8FC07F0067A2C5 /* Areasetting */,
				65FEC7202C8FC04E0067A2C5 /* Passwordsetting */,
				65FEC71D2C8FBFF50067A2C5 /* EmailAuthentication */,
			);
			path = Signup;
			sourceTree = "<group>";
		};
		651243242C7880F2008E798D /* Home */ = {
			isa = PBXGroup;
			children = (
				6512EB662C7737F50044FDEE /* MainView.swift */,
			);
			path = Home;
			sourceTree = "<group>";
		};
		651243252C788448008E798D /* Resources */ = {
			isa = PBXGroup;
			children = (
				6512EB502C7736180044FDEE /* Assets.xcassets */,
				6512EB522C7736180044FDEE /* Preview Content */,
			);
			path = Resources;
			sourceTree = "<group>";
		};
		651243262C78845C008E798D /* Sources */ = {
			isa = PBXGroup;
			children = (
				657C4E962C8AD71800FE63E1 /* component */,
				651243292C7886CE008E798D /* Model */,
				6512431E2C787F12008E798D /* Application */,
				6512431B2C787EEE008E798D /* Feature */,
			);
			path = Sources;
			sourceTree = "<group>";
		};
		651243292C7886CE008E798D /* Model */ = {
			isa = PBXGroup;
			children = (
				657C4E992C8AE2A800FE63E1 /* Response */,
				6512432A2C7886D3008E798D /* ModelRequest */,
			);
			path = Model;
			sourceTree = "<group>";
		};
		6512432A2C7886D3008E798D /* ModelRequest */ = {
			isa = PBXGroup;
			children = (
				6512432B2C7886E8008E798D /* SignUpModel.swift */,
				6512432F2C7889FD008E798D /* LoginModel.swift */,
			);
			path = ModelRequest;
			sourceTree = "<group>";
		};
		6512EB402C7736170044FDEE = {
			isa = PBXGroup;
			children = (
				6512EB4B2C7736170044FDEE /* Finder */,
				6512EB4A2C7736170044FDEE /* Products */,
			);
			sourceTree = "<group>";
		};
		6512EB4A2C7736170044FDEE /* Products */ = {
			isa = PBXGroup;
			children = (
				6512EB492C7736170044FDEE /* Finder.app */,
			);
			name = Products;
			sourceTree = "<group>";
		};
		6512EB4B2C7736170044FDEE /* Finder */ = {
			isa = PBXGroup;
			children = (
				6512EB5A2C77363C0044FDEE /* Info.plist */,
				651243262C78845C008E798D /* Sources */,
				651243252C788448008E798D /* Resources */,
				65FEC70A2C8F3A1F0067A2C5 /* Font */,
			);
			path = Finder;
			sourceTree = "<group>";
		};
		6512EB522C7736180044FDEE /* Preview Content */ = {
			isa = PBXGroup;
			children = (
				6512EB532C7736180044FDEE /* Preview Assets.xcassets */,
			);
			path = "Preview Content";
			sourceTree = "<group>";
		};
		657C4E962C8AD71800FE63E1 /* component */ = {
			isa = PBXGroup;
			children = (
				657C4E972C8AD72D00FE63E1 /* Textfield.swift */,
				65FEC7072C8F25040067A2C5 /* ProgressBarView.swift */,
			);
			path = component;
			sourceTree = "<group>";
		};
		657C4E992C8AE2A800FE63E1 /* Response */ = {
			isa = PBXGroup;
			children = (
				657C4E9A2C8AE2BC00FE63E1 /* TokenResponse.swift */,
			);
			path = Response;
			sourceTree = "<group>";
		};
		65FEC70A2C8F3A1F0067A2C5 /* Font */ = {
			isa = PBXGroup;
			children = (
				65FEC70B2C8F3A770067A2C5 /* Pretendard-Black.ttf */,
				65FEC70F2C8F3A780067A2C5 /* Pretendard-Bold.ttf */,
				65FEC7132C8F3A780067A2C5 /* Pretendard-ExtraBold.ttf */,
				65FEC70D2C8F3A770067A2C5 /* Pretendard-ExtraLight.ttf */,
				65FEC7112C8F3A780067A2C5 /* Pretendard-Light.ttf */,
				65FEC7102C8F3A780067A2C5 /* Pretendard-Medium.ttf */,
				65FEC7122C8F3A780067A2C5 /* Pretendard-Regular.ttf */,
				65FEC70C2C8F3A770067A2C5 /* Pretendard-SemiBold.ttf */,
				65FEC70E2C8F3A770067A2C5 /* Pretendard-Thin.ttf */,
			);
			path = Font;
			sourceTree = "<group>";
		};
		65FEC71D2C8FBFF50067A2C5 /* EmailAuthentication */ = {
			isa = PBXGroup;
			children = (
				65FEC71E2C8FC0380067A2C5 /* EmailAuthenticationView.swift */,
			);
			path = EmailAuthentication;
			sourceTree = "<group>";
		};
		65FEC7202C8FC04E0067A2C5 /* Passwordsetting */ = {
			isa = PBXGroup;
			children = (
				65FEC7212C8FC0710067A2C5 /* PasswordsettingView.swift */,
			);
			path = Passwordsetting;
			sourceTree = "<group>";
		};
		65FEC7232C8FC07F0067A2C5 /* Areasetting */ = {
			isa = PBXGroup;
			children = (
				65FEC7242C8FC0960067A2C5 /* AreasettingView.swift */,
			);
			path = Areasetting;
			sourceTree = "<group>";
		};
/* End PBXGroup section */

/* Begin PBXNativeTarget section */
		6512EB482C7736170044FDEE /* Finder */ = {
			isa = PBXNativeTarget;
			buildConfigurationList = 6512EB572C7736180044FDEE /* Build configuration list for PBXNativeTarget "Finder" */;
			buildPhases = (
				6512EB452C7736170044FDEE /* Sources */,
				6512EB462C7736170044FDEE /* Frameworks */,
				6512EB472C7736170044FDEE /* Resources */,
			);
			buildRules = (
			);
			dependencies = (
			);
			name = Finder;
			packageProductDependencies = (
				6512EB5E2C7737B40044FDEE /* Alamofire */,
			);
			productName = Finder;
			productReference = 6512EB492C7736170044FDEE /* Finder.app */;
			productType = "com.apple.product-type.application";
		};
/* End PBXNativeTarget section */

/* Begin PBXProject section */
		6512EB412C7736170044FDEE /* Project object */ = {
			isa = PBXProject;
			attributes = {
				BuildIndependentTargetsInParallel = 1;
				LastSwiftUpdateCheck = 1530;
				LastUpgradeCheck = 1530;
				TargetAttributes = {
					6512EB482C7736170044FDEE = {
						CreatedOnToolsVersion = 15.3;
					};
				};
			};
			buildConfigurationList = 6512EB442C7736170044FDEE /* Build configuration list for PBXProject "Finder" */;
			compatibilityVersion = "Xcode 14.0";
			developmentRegion = en;
			hasScannedForEncodings = 0;
			knownRegions = (
				en,
				Base,
			);
			mainGroup = 6512EB402C7736170044FDEE;
			packageReferences = (
				6512EB5D2C7737B40044FDEE /* XCRemoteSwiftPackageReference "alamofire" */,
			);
			productRefGroup = 6512EB4A2C7736170044FDEE /* Products */;
			projectDirPath = "";
			projectRoot = "";
			targets = (
				6512EB482C7736170044FDEE /* Finder */,
			);
		};
/* End PBXProject section */

/* Begin PBXResourcesBuildPhase section */
		6512EB472C7736170044FDEE /* Resources */ = {
			isa = PBXResourcesBuildPhase;
			buildActionMask = 2147483647;
			files = (
				65FEC7192C8F3A780067A2C5 /* Pretendard-Medium.ttf in Resources */,
				65FEC7172C8F3A780067A2C5 /* Pretendard-Thin.ttf in Resources */,
				65FEC71C2C8F3A780067A2C5 /* Pretendard-ExtraBold.ttf in Resources */,
				65FEC71B2C8F3A780067A2C5 /* Pretendard-Regular.ttf in Resources */,
				65FEC7152C8F3A780067A2C5 /* Pretendard-SemiBold.ttf in Resources */,
				65FEC71A2C8F3A780067A2C5 /* Pretendard-Light.ttf in Resources */,
				6512EB542C7736180044FDEE /* Preview Assets.xcassets in Resources */,
				65FEC7162C8F3A780067A2C5 /* Pretendard-ExtraLight.ttf in Resources */,
				6512EB512C7736180044FDEE /* Assets.xcassets in Resources */,
				65FEC7142C8F3A780067A2C5 /* Pretendard-Black.ttf in Resources */,
				65FEC7182C8F3A780067A2C5 /* Pretendard-Bold.ttf in Resources */,
			);
			runOnlyForDeploymentPostprocessing = 0;
		};
/* End PBXResourcesBuildPhase section */

/* Begin PBXSourcesBuildPhase section */
		6512EB452C7736170044FDEE /* Sources */ = {
			isa = PBXSourcesBuildPhase;
			buildActionMask = 2147483647;
			files = (
				651243302C7889FD008E798D /* LoginModel.swift in Sources */,
				6512EB632C7737D00044FDEE /* SignUpView.swift in Sources */,
				6512EB672C7737F50044FDEE /* MainView.swift in Sources */,
				6512432C2C7886E8008E798D /* SignUpModel.swift in Sources */,
				657C4E9B2C8AE2BC00FE63E1 /* TokenResponse.swift in Sources */,
				65FEC7082C8F25040067A2C5 /* ProgressBarView.swift in Sources */,
				657C4E982C8AD72D00FE63E1 /* Textfield.swift in Sources */,
				65FEC71F2C8FC0380067A2C5 /* EmailAuthenticationView.swift in Sources */,
				6512432E2C7889AD008E798D /* LoginViewModel.swift in Sources */,
				6512EB652C7737DA0044FDEE /* LoginView.swift in Sources */,
				651243282C7885D3008E798D /* SignUpViewModel.swift in Sources */,
				65FEC7222C8FC0710067A2C5 /* PasswordsettingView.swift in Sources */,
				65FEC7252C8FC0960067A2C5 /* AreasettingView.swift in Sources */,
				6512EB4D2C7736170044FDEE /* FinderApp.swift in Sources */,
			);
			runOnlyForDeploymentPostprocessing = 0;
		};
/* End PBXSourcesBuildPhase section */

/* Begin XCBuildConfiguration section */
		6512EB552C7736180044FDEE /* Debug */ = {
			isa = XCBuildConfiguration;
			buildSettings = {
				ALWAYS_SEARCH_USER_PATHS = NO;
				ASSETCATALOG_COMPILER_GENERATE_SWIFT_ASSET_SYMBOL_EXTENSIONS = YES;
				CLANG_ANALYZER_NONNULL = YES;
				CLANG_ANALYZER_NUMBER_OBJECT_CONVERSION = YES_AGGRESSIVE;
				CLANG_CXX_LANGUAGE_STANDARD = "gnu++20";
				CLANG_ENABLE_MODULES = YES;
				CLANG_ENABLE_OBJC_ARC = YES;
				CLANG_ENABLE_OBJC_WEAK = YES;
				CLANG_WARN_BLOCK_CAPTURE_AUTORELEASING = YES;
				CLANG_WARN_BOOL_CONVERSION = YES;
				CLANG_WARN_COMMA = YES;
				CLANG_WARN_CONSTANT_CONVERSION = YES;
				CLANG_WARN_DEPRECATED_OBJC_IMPLEMENTATIONS = YES;
				CLANG_WARN_DIRECT_OBJC_ISA_USAGE = YES_ERROR;
				CLANG_WARN_DOCUMENTATION_COMMENTS = YES;
				CLANG_WARN_EMPTY_BODY = YES;
				CLANG_WARN_ENUM_CONVERSION = YES;
				CLANG_WARN_INFINITE_RECURSION = YES;
				CLANG_WARN_INT_CONVERSION = YES;
				CLANG_WARN_NON_LITERAL_NULL_CONVERSION = YES;
				CLANG_WARN_OBJC_IMPLICIT_RETAIN_SELF = YES;
				CLANG_WARN_OBJC_LITERAL_CONVERSION = YES;
				CLANG_WARN_OBJC_ROOT_CLASS = YES_ERROR;
				CLANG_WARN_QUOTED_INCLUDE_IN_FRAMEWORK_HEADER = YES;
				CLANG_WARN_RANGE_LOOP_ANALYSIS = YES;
				CLANG_WARN_STRICT_PROTOTYPES = YES;
				CLANG_WARN_SUSPICIOUS_MOVE = YES;
				CLANG_WARN_UNGUARDED_AVAILABILITY = YES_AGGRESSIVE;
				CLANG_WARN_UNREACHABLE_CODE = YES;
				CLANG_WARN__DUPLICATE_METHOD_MATCH = YES;
				COPY_PHASE_STRIP = NO;
				DEBUG_INFORMATION_FORMAT = dwarf;
				ENABLE_STRICT_OBJC_MSGSEND = YES;
				ENABLE_TESTABILITY = YES;
				ENABLE_USER_SCRIPT_SANDBOXING = YES;
				GCC_C_LANGUAGE_STANDARD = gnu17;
				GCC_DYNAMIC_NO_PIC = NO;
				GCC_NO_COMMON_BLOCKS = YES;
				GCC_OPTIMIZATION_LEVEL = 0;
				GCC_PREPROCESSOR_DEFINITIONS = (
					"DEBUG=1",
					"$(inherited)",
				);
				GCC_WARN_64_TO_32_BIT_CONVERSION = YES;
				GCC_WARN_ABOUT_RETURN_TYPE = YES_ERROR;
				GCC_WARN_UNDECLARED_SELECTOR = YES;
				GCC_WARN_UNINITIALIZED_AUTOS = YES_AGGRESSIVE;
				GCC_WARN_UNUSED_FUNCTION = YES;
				GCC_WARN_UNUSED_VARIABLE = YES;
				IPHONEOS_DEPLOYMENT_TARGET = 17.4;
				LOCALIZATION_PREFERS_STRING_CATALOGS = YES;
				MTL_ENABLE_DEBUG_INFO = INCLUDE_SOURCE;
				MTL_FAST_MATH = YES;
				ONLY_ACTIVE_ARCH = YES;
				SDKROOT = iphoneos;
				SWIFT_ACTIVE_COMPILATION_CONDITIONS = "DEBUG $(inherited)";
				SWIFT_OPTIMIZATION_LEVEL = "-Onone";
			};
			name = Debug;
		};
		6512EB562C7736180044FDEE /* Release */ = {
			isa = XCBuildConfiguration;
			buildSettings = {
				ALWAYS_SEARCH_USER_PATHS = NO;
				ASSETCATALOG_COMPILER_GENERATE_SWIFT_ASSET_SYMBOL_EXTENSIONS = YES;
				CLANG_ANALYZER_NONNULL = YES;
				CLANG_ANALYZER_NUMBER_OBJECT_CONVERSION = YES_AGGRESSIVE;
				CLANG_CXX_LANGUAGE_STANDARD = "gnu++20";
				CLANG_ENABLE_MODULES = YES;
				CLANG_ENABLE_OBJC_ARC = YES;
				CLANG_ENABLE_OBJC_WEAK = YES;
				CLANG_WARN_BLOCK_CAPTURE_AUTORELEASING = YES;
				CLANG_WARN_BOOL_CONVERSION = YES;
				CLANG_WARN_COMMA = YES;
				CLANG_WARN_CONSTANT_CONVERSION = YES;
				CLANG_WARN_DEPRECATED_OBJC_IMPLEMENTATIONS = YES;
				CLANG_WARN_DIRECT_OBJC_ISA_USAGE = YES_ERROR;
				CLANG_WARN_DOCUMENTATION_COMMENTS = YES;
				CLANG_WARN_EMPTY_BODY = YES;
				CLANG_WARN_ENUM_CONVERSION = YES;
				CLANG_WARN_INFINITE_RECURSION = YES;
				CLANG_WARN_INT_CONVERSION = YES;
				CLANG_WARN_NON_LITERAL_NULL_CONVERSION = YES;
				CLANG_WARN_OBJC_IMPLICIT_RETAIN_SELF = YES;
				CLANG_WARN_OBJC_LITERAL_CONVERSION = YES;
				CLANG_WARN_OBJC_ROOT_CLASS = YES_ERROR;
				CLANG_WARN_QUOTED_INCLUDE_IN_FRAMEWORK_HEADER = YES;
				CLANG_WARN_RANGE_LOOP_ANALYSIS = YES;
				CLANG_WARN_STRICT_PROTOTYPES = YES;
				CLANG_WARN_SUSPICIOUS_MOVE = YES;
				CLANG_WARN_UNGUARDED_AVAILABILITY = YES_AGGRESSIVE;
				CLANG_WARN_UNREACHABLE_CODE = YES;
				CLANG_WARN__DUPLICATE_METHOD_MATCH = YES;
				COPY_PHASE_STRIP = NO;
				DEBUG_INFORMATION_FORMAT = "dwarf-with-dsym";
				ENABLE_NS_ASSERTIONS = NO;
				ENABLE_STRICT_OBJC_MSGSEND = YES;
				ENABLE_USER_SCRIPT_SANDBOXING = YES;
				GCC_C_LANGUAGE_STANDARD = gnu17;
				GCC_NO_COMMON_BLOCKS = YES;
				GCC_WARN_64_TO_32_BIT_CONVERSION = YES;
				GCC_WARN_ABOUT_RETURN_TYPE = YES_ERROR;
				GCC_WARN_UNDECLARED_SELECTOR = YES;
				GCC_WARN_UNINITIALIZED_AUTOS = YES_AGGRESSIVE;
				GCC_WARN_UNUSED_FUNCTION = YES;
				GCC_WARN_UNUSED_VARIABLE = YES;
				IPHONEOS_DEPLOYMENT_TARGET = 17.4;
				LOCALIZATION_PREFERS_STRING_CATALOGS = YES;
				MTL_ENABLE_DEBUG_INFO = NO;
				MTL_FAST_MATH = YES;
				SDKROOT = iphoneos;
				SWIFT_COMPILATION_MODE = wholemodule;
				VALIDATE_PRODUCT = YES;
			};
			name = Release;
		};
		6512EB582C7736180044FDEE /* Debug */ = {
			isa = XCBuildConfiguration;
			buildSettings = {
				ASSETCATALOG_COMPILER_APPICON_NAME = AppIcon;
				ASSETCATALOG_COMPILER_GLOBAL_ACCENT_COLOR_NAME = AccentColor;
				CODE_SIGN_STYLE = Automatic;
				CURRENT_PROJECT_VERSION = 1;
				DEVELOPMENT_ASSET_PATHS = "\"Finder/Resources/Preview Content\"";
				DEVELOPMENT_TEAM = 688647KH4L;
				ENABLE_PREVIEWS = YES;
				GENERATE_INFOPLIST_FILE = YES;
				INFOPLIST_FILE = Finder/Info.plist;
				INFOPLIST_KEY_UIApplicationSceneManifest_Generation = YES;
				INFOPLIST_KEY_UIApplicationSupportsIndirectInputEvents = YES;
				INFOPLIST_KEY_UILaunchScreen_Generation = YES;
				INFOPLIST_KEY_UISupportedInterfaceOrientations_iPad = "UIInterfaceOrientationPortrait UIInterfaceOrientationPortraitUpsideDown UIInterfaceOrientationLandscapeLeft UIInterfaceOrientationLandscapeRight";
				INFOPLIST_KEY_UISupportedInterfaceOrientations_iPhone = "UIInterfaceOrientationPortrait UIInterfaceOrientationLandscapeLeft UIInterfaceOrientationLandscapeRight";
				LD_RUNPATH_SEARCH_PATHS = (
					"$(inherited)",
					"@executable_path/Frameworks",
				);
				MARKETING_VERSION = 1.0;
				PRODUCT_BUNDLE_IDENTIFIER = com.eunchan.Finder;
				PRODUCT_NAME = "$(TARGET_NAME)";
				SWIFT_EMIT_LOC_STRINGS = YES;
				SWIFT_VERSION = 5.0;
				TARGETED_DEVICE_FAMILY = "1,2";
			};
			name = Debug;
		};
		6512EB592C7736180044FDEE /* Release */ = {
			isa = XCBuildConfiguration;
			buildSettings = {
				ASSETCATALOG_COMPILER_APPICON_NAME = AppIcon;
				ASSETCATALOG_COMPILER_GLOBAL_ACCENT_COLOR_NAME = AccentColor;
				CODE_SIGN_STYLE = Automatic;
				CURRENT_PROJECT_VERSION = 1;
				DEVELOPMENT_ASSET_PATHS = "\"Finder/Resources/Preview Content\"";
				DEVELOPMENT_TEAM = 688647KH4L;
				ENABLE_PREVIEWS = YES;
				GENERATE_INFOPLIST_FILE = YES;
				INFOPLIST_FILE = Finder/Info.plist;
				INFOPLIST_KEY_UIApplicationSceneManifest_Generation = YES;
				INFOPLIST_KEY_UIApplicationSupportsIndirectInputEvents = YES;
				INFOPLIST_KEY_UILaunchScreen_Generation = YES;
				INFOPLIST_KEY_UISupportedInterfaceOrientations_iPad = "UIInterfaceOrientationPortrait UIInterfaceOrientationPortraitUpsideDown UIInterfaceOrientationLandscapeLeft UIInterfaceOrientationLandscapeRight";
				INFOPLIST_KEY_UISupportedInterfaceOrientations_iPhone = "UIInterfaceOrientationPortrait UIInterfaceOrientationLandscapeLeft UIInterfaceOrientationLandscapeRight";
				LD_RUNPATH_SEARCH_PATHS = (
					"$(inherited)",
					"@executable_path/Frameworks",
				);
				MARKETING_VERSION = 1.0;
				PRODUCT_BUNDLE_IDENTIFIER = com.eunchan.Finder;
				PRODUCT_NAME = "$(TARGET_NAME)";
				SWIFT_EMIT_LOC_STRINGS = YES;
				SWIFT_VERSION = 5.0;
				TARGETED_DEVICE_FAMILY = "1,2";
			};
			name = Release;
		};
/* End XCBuildConfiguration section */

/* Begin XCConfigurationList section */
		6512EB442C7736170044FDEE /* Build configuration list for PBXProject "Finder" */ = {
			isa = XCConfigurationList;
			buildConfigurations = (
				6512EB552C7736180044FDEE /* Debug */,
				6512EB562C7736180044FDEE /* Release */,
			);
			defaultConfigurationIsVisible = 0;
			defaultConfigurationName = Release;
		};
		6512EB572C7736180044FDEE /* Build configuration list for PBXNativeTarget "Finder" */ = {
			isa = XCConfigurationList;
			buildConfigurations = (
				6512EB582C7736180044FDEE /* Debug */,
				6512EB592C7736180044FDEE /* Release */,
			);
			defaultConfigurationIsVisible = 0;
			defaultConfigurationName = Release;
		};
/* End XCConfigurationList section */

/* Begin XCRemoteSwiftPackageReference section */
		6512EB5D2C7737B40044FDEE /* XCRemoteSwiftPackageReference "alamofire" */ = {
			isa = XCRemoteSwiftPackageReference;
			repositoryURL = "https://github.com/alamofire/alamofire";
			requirement = {
				kind = upToNextMajorVersion;
				minimumVersion = 5.9.1;
			};
		};
/* End XCRemoteSwiftPackageReference section */

/* Begin XCSwiftPackageProductDependency section */
		6512EB5E2C7737B40044FDEE /* Alamofire */ = {
			isa = XCSwiftPackageProductDependency;
			package = 6512EB5D2C7737B40044FDEE /* XCRemoteSwiftPackageReference "alamofire" */;
			productName = Alamofire;
		};
/* End XCSwiftPackageProductDependency section */
	};
	rootObject = 6512EB412C7736170044FDEE /* Project object */;
}
