// !$*UTF8*$!
{
	archiveVersion = 1;
	classes = {
	};
	objectVersion = 56;
	objects = {

/* Begin PBXBuildFile section */
		6512EB4D2C7736170044FDEE /* FinderApp.swift in Sources */ = {isa = PBXBuildFile; fileRef = 6512EB4C2C7736170044FDEE /* FinderApp.swift */; };
		6512EB512C7736180044FDEE /* Assets.xcassets in Resources */ = {isa = PBXBuildFile; fileRef = 6512EB502C7736180044FDEE /* Assets.xcassets */; };
		6512EB542C7736180044FDEE /* Preview Assets.xcassets in Resources */ = {isa = PBXBuildFile; fileRef = 6512EB532C7736180044FDEE /* Preview Assets.xcassets */; };
		6512EB5C2C7737A00044FDEE /* SignUp+Login.swift in Sources */ = {isa = PBXBuildFile; fileRef = 6512EB5B2C7737A00044FDEE /* SignUp+Login.swift */; };
		6512EB5F2C7737B40044FDEE /* Alamofire in Frameworks */ = {isa = PBXBuildFile; productRef = 6512EB5E2C7737B40044FDEE /* Alamofire */; };
		6512EB612C7737B40044FDEE /* AlamofireDynamic in Frameworks */ = {isa = PBXBuildFile; productRef = 6512EB602C7737B40044FDEE /* AlamofireDynamic */; };
		6512EB632C7737D00044FDEE /* SignUpView.swift in Sources */ = {isa = PBXBuildFile; fileRef = 6512EB622C7737D00044FDEE /* SignUpView.swift */; };
		6512EB652C7737DA0044FDEE /* LoginView.swift in Sources */ = {isa = PBXBuildFile; fileRef = 6512EB642C7737DA0044FDEE /* LoginView.swift */; };
		6512EB672C7737F50044FDEE /* MainView.swift in Sources */ = {isa = PBXBuildFile; fileRef = 6512EB662C7737F50044FDEE /* MainView.swift */; };
/* End PBXBuildFile section */

/* Begin PBXFileReference section */
		6512EB492C7736170044FDEE /* Finder.app */ = {isa = PBXFileReference; explicitFileType = wrapper.application; includeInIndex = 0; path = Finder.app; sourceTree = BUILT_PRODUCTS_DIR; };
		6512EB4C2C7736170044FDEE /* FinderApp.swift */ = {isa = PBXFileReference; lastKnownFileType = sourcecode.swift; path = FinderApp.swift; sourceTree = "<group>"; };
		6512EB502C7736180044FDEE /* Assets.xcassets */ = {isa = PBXFileReference; lastKnownFileType = folder.assetcatalog; path = Assets.xcassets; sourceTree = "<group>"; };
		6512EB532C7736180044FDEE /* Preview Assets.xcassets */ = {isa = PBXFileReference; lastKnownFileType = folder.assetcatalog; path = "Preview Assets.xcassets"; sourceTree = "<group>"; };
		6512EB5A2C77363C0044FDEE /* Info.plist */ = {isa = PBXFileReference; lastKnownFileType = text.plist; path = Info.plist; sourceTree = "<group>"; };
		6512EB5B2C7737A00044FDEE /* SignUp+Login.swift */ = {isa = PBXFileReference; lastKnownFileType = sourcecode.swift; path = "SignUp+Login.swift"; sourceTree = "<group>"; };
		6512EB622C7737D00044FDEE /* SignUpView.swift */ = {isa = PBXFileReference; lastKnownFileType = sourcecode.swift; path = SignUpView.swift; sourceTree = "<group>"; };
		6512EB642C7737DA0044FDEE /* LoginView.swift */ = {isa = PBXFileReference; lastKnownFileType = sourcecode.swift; path = LoginView.swift; sourceTree = "<group>"; };
		6512EB662C7737F50044FDEE /* MainView.swift */ = {isa = PBXFileReference; lastKnownFileType = sourcecode.swift; path = MainView.swift; sourceTree = "<group>"; };
/* End PBXFileReference section */

/* Begin PBXFrameworksBuildPhase section */
		6512EB462C7736170044FDEE /* Frameworks */ = {
			isa = PBXFrameworksBuildPhase;
			buildActionMask = 2147483647;
			files = (
				6512EB5F2C7737B40044FDEE /* Alamofire in Frameworks */,
				6512EB612C7737B40044FDEE /* AlamofireDynamic in Frameworks */,
			);
			runOnlyForDeploymentPostprocessing = 0;
		};
/* End PBXFrameworksBuildPhase section */

/* Begin PBXGroup section */
		6512431B2C787EEE008E798D /* Feature */ = {
			isa = PBXGroup;
			children = (
				651243202C787FDF008E798D /* Auth */,
			);
			path = Feature;
			sourceTree = "<group>";
		};
		6512431D2C787F01008E798D /* Model */ = {
			isa = PBXGroup;
			children = (
			);
			path = Model;
			sourceTree = "<group>";
		};
		6512431E2C787F12008E798D /* Application */ = {
			isa = PBXGroup;
			children = (
				6512EB4C2C7736170044FDEE /* FinderApp.swift */,
			);
			path = Application;
			sourceTree = "<group>";
		};
		651243202C787FDF008E798D /* Auth */ = {
			isa = PBXGroup;
			children = (
				651243242C7880F2008E798D /* Home */,
				651243232C788062008E798D /* Signup */,
				651243222C78803B008E798D /* Signin */,
			);
			path = Auth;
			sourceTree = "<group>";
		};
		651243222C78803B008E798D /* Signin */ = {
			isa = PBXGroup;
			children = (
				6512EB642C7737DA0044FDEE /* LoginView.swift */,
			);
			path = Signin;
			sourceTree = "<group>";
		};
		651243232C788062008E798D /* Signup */ = {
			isa = PBXGroup;
			children = (
				6512EB622C7737D00044FDEE /* SignUpView.swift */,
			);
			path = Signup;
			sourceTree = "<group>";
		};
		651243242C7880F2008E798D /* Home */ = {
			isa = PBXGroup;
			children = (
				6512EB662C7737F50044FDEE /* MainView.swift */,
			);
			path = Home;
			sourceTree = "<group>";
		};
		6512EB402C7736170044FDEE = {
			isa = PBXGroup;
			children = (
				6512EB4B2C7736170044FDEE /* Finder */,
				6512EB4A2C7736170044FDEE /* Products */,
			);
			sourceTree = "<group>";
		};
		6512EB4A2C7736170044FDEE /* Products */ = {
			isa = PBXGroup;
			children = (
				6512EB492C7736170044FDEE /* Finder.app */,
			);
			name = Products;
			sourceTree = "<group>";
		};
		6512EB4B2C7736170044FDEE /* Finder */ = {
			isa = PBXGroup;
			children = (
				6512431E2C787F12008E798D /* Application */,
				6512431D2C787F01008E798D /* Model */,
				6512431B2C787EEE008E798D /* Feature */,
				6512EB5A2C77363C0044FDEE /* Info.plist */,
				6512EB5B2C7737A00044FDEE /* SignUp+Login.swift */,
				6512EB502C7736180044FDEE /* Assets.xcassets */,
				6512EB522C7736180044FDEE /* Preview Content */,
			);
			path = Finder;
			sourceTree = "<group>";
		};
		6512EB522C7736180044FDEE /* Preview Content */ = {
			isa = PBXGroup;
			children = (
				6512EB532C7736180044FDEE /* Preview Assets.xcassets */,
			);
			path = "Preview Content";
			sourceTree = "<group>";
		};
/* End PBXGroup section */

/* Begin PBXNativeTarget section */
		6512EB482C7736170044FDEE /* Finder */ = {
			isa = PBXNativeTarget;
			buildConfigurationList = 6512EB572C7736180044FDEE /* Build configuration list for PBXNativeTarget "Finder" */;
			buildPhases = (
				6512EB452C7736170044FDEE /* Sources */,
				6512EB462C7736170044FDEE /* Frameworks */,
				6512EB472C7736170044FDEE /* Resources */,
			);
			buildRules = (
			);
			dependencies = (
			);
			name = Finder;
			packageProductDependencies = (
				6512EB5E2C7737B40044FDEE /* Alamofire */,
				6512EB602C7737B40044FDEE /* AlamofireDynamic */,
			);
			productName = Finder;
			productReference = 6512EB492C7736170044FDEE /* Finder.app */;
			productType = "com.apple.product-type.application";
		};
/* End PBXNativeTarget section */

/* Begin PBXProject section */
		6512EB412C7736170044FDEE /* Project object */ = {
			isa = PBXProject;
			attributes = {
				BuildIndependentTargetsInParallel = 1;
				LastSwiftUpdateCheck = 1530;
				LastUpgradeCheck = 1530;
				TargetAttributes = {
					6512EB482C7736170044FDEE = {
						CreatedOnToolsVersion = 15.3;
					};
				};
			};
			buildConfigurationList = 6512EB442C7736170044FDEE /* Build configuration list for PBXProject "Finder" */;
			compatibilityVersion = "Xcode 14.0";
			developmentRegion = en;
			hasScannedForEncodings = 0;
			knownRegions = (
				en,
				Base,
			);
			mainGroup = 6512EB402C7736170044FDEE;
			packageReferences = (
				6512EB5D2C7737B40044FDEE /* XCRemoteSwiftPackageReference "alamofire" */,
			);
			productRefGroup = 6512EB4A2C7736170044FDEE /* Products */;
			projectDirPath = "";
			projectRoot = "";
			targets = (
				6512EB482C7736170044FDEE /* Finder */,
			);
		};
/* End PBXProject section */

/* Begin PBXResourcesBuildPhase section */
		6512EB472C7736170044FDEE /* Resources */ = {
			isa = PBXResourcesBuildPhase;
			buildActionMask = 2147483647;
			files = (
				6512EB542C7736180044FDEE /* Preview Assets.xcassets in Resources */,
				6512EB512C7736180044FDEE /* Assets.xcassets in Resources */,
			);
			runOnlyForDeploymentPostprocessing = 0;
		};
/* End PBXResourcesBuildPhase section */

/* Begin PBXSourcesBuildPhase section */
		6512EB452C7736170044FDEE /* Sources */ = {
			isa = PBXSourcesBuildPhase;
			buildActionMask = 2147483647;
			files = (
				6512EB632C7737D00044FDEE /* SignUpView.swift in Sources */,
				6512EB672C7737F50044FDEE /* MainView.swift in Sources */,
				6512EB5C2C7737A00044FDEE /* SignUp+Login.swift in Sources */,
				6512EB652C7737DA0044FDEE /* LoginView.swift in Sources */,
				6512EB4D2C7736170044FDEE /* FinderApp.swift in Sources */,
			);
			runOnlyForDeploymentPostprocessing = 0;
		};
/* End PBXSourcesBuildPhase section */

/* Begin XCBuildConfiguration section */
		6512EB552C7736180044FDEE /* Debug */ = {
			isa = XCBuildConfiguration;
			buildSettings = {
				ALWAYS_SEARCH_USER_PATHS = NO;
				ASSETCATALOG_COMPILER_GENERATE_SWIFT_ASSET_SYMBOL_EXTENSIONS = YES;
				CLANG_ANALYZER_NONNULL = YES;
				CLANG_ANALYZER_NUMBER_OBJECT_CONVERSION = YES_AGGRESSIVE;
				CLANG_CXX_LANGUAGE_STANDARD = "gnu++20";
				CLANG_ENABLE_MODULES = YES;
				CLANG_ENABLE_OBJC_ARC = YES;
				CLANG_ENABLE_OBJC_WEAK = YES;
				CLANG_WARN_BLOCK_CAPTURE_AUTORELEASING = YES;
				CLANG_WARN_BOOL_CONVERSION = YES;
				CLANG_WARN_COMMA = YES;
				CLANG_WARN_CONSTANT_CONVERSION = YES;
				CLANG_WARN_DEPRECATED_OBJC_IMPLEMENTATIONS = YES;
				CLANG_WARN_DIRECT_OBJC_ISA_USAGE = YES_ERROR;
				CLANG_WARN_DOCUMENTATION_COMMENTS = YES;
				CLANG_WARN_EMPTY_BODY = YES;
				CLANG_WARN_ENUM_CONVERSION = YES;
				CLANG_WARN_INFINITE_RECURSION = YES;
				CLANG_WARN_INT_CONVERSION = YES;
				CLANG_WARN_NON_LITERAL_NULL_CONVERSION = YES;
				CLANG_WARN_OBJC_IMPLICIT_RETAIN_SELF = YES;
				CLANG_WARN_OBJC_LITERAL_CONVERSION = YES;
				CLANG_WARN_OBJC_ROOT_CLASS = YES_ERROR;
				CLANG_WARN_QUOTED_INCLUDE_IN_FRAMEWORK_HEADER = YES;
				CLANG_WARN_RANGE_LOOP_ANALYSIS = YES;
				CLANG_WARN_STRICT_PROTOTYPES = YES;
				CLANG_WARN_SUSPICIOUS_MOVE = YES;
				CLANG_WARN_UNGUARDED_AVAILABILITY = YES_AGGRESSIVE;
				CLANG_WARN_UNREACHABLE_CODE = YES;
				CLANG_WARN__DUPLICATE_METHOD_MATCH = YES;
				COPY_PHASE_STRIP = NO;
				DEBUG_INFORMATION_FORMAT = dwarf;
				ENABLE_STRICT_OBJC_MSGSEND = YES;
				ENABLE_TESTABILITY = YES;
				ENABLE_USER_SCRIPT_SANDBOXING = YES;
				GCC_C_LANGUAGE_STANDARD = gnu17;
				GCC_DYNAMIC_NO_PIC = NO;
				GCC_NO_COMMON_BLOCKS = YES;
				GCC_OPTIMIZATION_LEVEL = 0;
				GCC_PREPROCESSOR_DEFINITIONS = (
					"DEBUG=1",
					"$(inherited)",
				);
				GCC_WARN_64_TO_32_BIT_CONVERSION = YES;
				GCC_WARN_ABOUT_RETURN_TYPE = YES_ERROR;
				GCC_WARN_UNDECLARED_SELECTOR = YES;
				GCC_WARN_UNINITIALIZED_AUTOS = YES_AGGRESSIVE;
				GCC_WARN_UNUSED_FUNCTION = YES;
				GCC_WARN_UNUSED_VARIABLE = YES;
				IPHONEOS_DEPLOYMENT_TARGET = 17.4;
				LOCALIZATION_PREFERS_STRING_CATALOGS = YES;
				MTL_ENABLE_DEBUG_INFO = INCLUDE_SOURCE;
				MTL_FAST_MATH = YES;
				ONLY_ACTIVE_ARCH = YES;
				SDKROOT = iphoneos;
				SWIFT_ACTIVE_COMPILATION_CONDITIONS = "DEBUG $(inherited)";
				SWIFT_OPTIMIZATION_LEVEL = "-Onone";
			};
			name = Debug;
		};
		6512EB562C7736180044FDEE /* Release */ = {
			isa = XCBuildConfiguration;
			buildSettings = {
				ALWAYS_SEARCH_USER_PATHS = NO;
				ASSETCATALOG_COMPILER_GENERATE_SWIFT_ASSET_SYMBOL_EXTENSIONS = YES;
				CLANG_ANALYZER_NONNULL = YES;
				CLANG_ANALYZER_NUMBER_OBJECT_CONVERSION = YES_AGGRESSIVE;
				CLANG_CXX_LANGUAGE_STANDARD = "gnu++20";
				CLANG_ENABLE_MODULES = YES;
				CLANG_ENABLE_OBJC_ARC = YES;
				CLANG_ENABLE_OBJC_WEAK = YES;
				CLANG_WARN_BLOCK_CAPTURE_AUTORELEASING = YES;
				CLANG_WARN_BOOL_CONVERSION = YES;
				CLANG_WARN_COMMA = YES;
				CLANG_WARN_CONSTANT_CONVERSION = YES;
				CLANG_WARN_DEPRECATED_OBJC_IMPLEMENTATIONS = YES;
				CLANG_WARN_DIRECT_OBJC_ISA_USAGE = YES_ERROR;
				CLANG_WARN_DOCUMENTATION_COMMENTS = YES;
				CLANG_WARN_EMPTY_BODY = YES;
				CLANG_WARN_ENUM_CONVERSION = YES;
				CLANG_WARN_INFINITE_RECURSION = YES;
				CLANG_WARN_INT_CONVERSION = YES;
				CLANG_WARN_NON_LITERAL_NULL_CONVERSION = YES;
				CLANG_WARN_OBJC_IMPLICIT_RETAIN_SELF = YES;
				CLANG_WARN_OBJC_LITERAL_CONVERSION = YES;
				CLANG_WARN_OBJC_ROOT_CLASS = YES_ERROR;
				CLANG_WARN_QUOTED_INCLUDE_IN_FRAMEWORK_HEADER = YES;
				CLANG_WARN_RANGE_LOOP_ANALYSIS = YES;
				CLANG_WARN_STRICT_PROTOTYPES = YES;
				CLANG_WARN_SUSPICIOUS_MOVE = YES;
				CLANG_WARN_UNGUARDED_AVAILABILITY = YES_AGGRESSIVE;
				CLANG_WARN_UNREACHABLE_CODE = YES;
				CLANG_WARN__DUPLICATE_METHOD_MATCH = YES;
				COPY_PHASE_STRIP = NO;
				DEBUG_INFORMATION_FORMAT = "dwarf-with-dsym";
				ENABLE_NS_ASSERTIONS = NO;
				ENABLE_STRICT_OBJC_MSGSEND = YES;
				ENABLE_USER_SCRIPT_SANDBOXING = YES;
				GCC_C_LANGUAGE_STANDARD = gnu17;
				GCC_NO_COMMON_BLOCKS = YES;
				GCC_WARN_64_TO_32_BIT_CONVERSION = YES;
				GCC_WARN_ABOUT_RETURN_TYPE = YES_ERROR;
				GCC_WARN_UNDECLARED_SELECTOR = YES;
				GCC_WARN_UNINITIALIZED_AUTOS = YES_AGGRESSIVE;
				GCC_WARN_UNUSED_FUNCTION = YES;
				GCC_WARN_UNUSED_VARIABLE = YES;
				IPHONEOS_DEPLOYMENT_TARGET = 17.4;
				LOCALIZATION_PREFERS_STRING_CATALOGS = YES;
				MTL_ENABLE_DEBUG_INFO = NO;
				MTL_FAST_MATH = YES;
				SDKROOT = iphoneos;
				SWIFT_COMPILATION_MODE = wholemodule;
				VALIDATE_PRODUCT = YES;
			};
			name = Release;
		};
		6512EB582C7736180044FDEE /* Debug */ = {
			isa = XCBuildConfiguration;
			buildSettings = {
				ASSETCATALOG_COMPILER_APPICON_NAME = AppIcon;
				ASSETCATALOG_COMPILER_GLOBAL_ACCENT_COLOR_NAME = AccentColor;
				CODE_SIGN_STYLE = Automatic;
				CURRENT_PROJECT_VERSION = 1;
				DEVELOPMENT_ASSET_PATHS = "\"Finder/Preview Content\"";
				DEVELOPMENT_TEAM = 688647KH4L;
				ENABLE_PREVIEWS = YES;
				GENERATE_INFOPLIST_FILE = YES;
				INFOPLIST_FILE = Finder/Info.plist;
				INFOPLIST_KEY_UIApplicationSceneManifest_Generation = YES;
				INFOPLIST_KEY_UIApplicationSupportsIndirectInputEvents = YES;
				INFOPLIST_KEY_UILaunchScreen_Generation = YES;
				INFOPLIST_KEY_UISupportedInterfaceOrientations_iPad = "UIInterfaceOrientationPortrait UIInterfaceOrientationPortraitUpsideDown UIInterfaceOrientationLandscapeLeft UIInterfaceOrientationLandscapeRight";
				INFOPLIST_KEY_UISupportedInterfaceOrientations_iPhone = "UIInterfaceOrientationPortrait UIInterfaceOrientationLandscapeLeft UIInterfaceOrientationLandscapeRight";
				LD_RUNPATH_SEARCH_PATHS = (
					"$(inherited)",
					"@executable_path/Frameworks",
				);
				MARKETING_VERSION = 1.0;
				PRODUCT_BUNDLE_IDENTIFIER = com.eunchan.Finder;
				PRODUCT_NAME = "$(TARGET_NAME)";
				SWIFT_EMIT_LOC_STRINGS = YES;
				SWIFT_VERSION = 5.0;
				TARGETED_DEVICE_FAMILY = "1,2";
			};
			name = Debug;
		};
		6512EB592C7736180044FDEE /* Release */ = {
			isa = XCBuildConfiguration;
			buildSettings = {
				ASSETCATALOG_COMPILER_APPICON_NAME = AppIcon;
				ASSETCATALOG_COMPILER_GLOBAL_ACCENT_COLOR_NAME = AccentColor;
				CODE_SIGN_STYLE = Automatic;
				CURRENT_PROJECT_VERSION = 1;
				DEVELOPMENT_ASSET_PATHS = "\"Finder/Preview Content\"";
				DEVELOPMENT_TEAM = 688647KH4L;
				ENABLE_PREVIEWS = YES;
				GENERATE_INFOPLIST_FILE = YES;
				INFOPLIST_FILE = Finder/Info.plist;
				INFOPLIST_KEY_UIApplicationSceneManifest_Generation = YES;
				INFOPLIST_KEY_UIApplicationSupportsIndirectInputEvents = YES;
				INFOPLIST_KEY_UILaunchScreen_Generation = YES;
				INFOPLIST_KEY_UISupportedInterfaceOrientations_iPad = "UIInterfaceOrientationPortrait UIInterfaceOrientationPortraitUpsideDown UIInterfaceOrientationLandscapeLeft UIInterfaceOrientationLandscapeRight";
				INFOPLIST_KEY_UISupportedInterfaceOrientations_iPhone = "UIInterfaceOrientationPortrait UIInterfaceOrientationLandscapeLeft UIInterfaceOrientationLandscapeRight";
				LD_RUNPATH_SEARCH_PATHS = (
					"$(inherited)",
					"@executable_path/Frameworks",
				);
				MARKETING_VERSION = 1.0;
				PRODUCT_BUNDLE_IDENTIFIER = com.eunchan.Finder;
				PRODUCT_NAME = "$(TARGET_NAME)";
				SWIFT_EMIT_LOC_STRINGS = YES;
				SWIFT_VERSION = 5.0;
				TARGETED_DEVICE_FAMILY = "1,2";
			};
			name = Release;
		};
/* End XCBuildConfiguration section */

/* Begin XCConfigurationList section */
		6512EB442C7736170044FDEE /* Build configuration list for PBXProject "Finder" */ = {
			isa = XCConfigurationList;
			buildConfigurations = (
				6512EB552C7736180044FDEE /* Debug */,
				6512EB562C7736180044FDEE /* Release */,
			);
			defaultConfigurationIsVisible = 0;
			defaultConfigurationName = Release;
		};
		6512EB572C7736180044FDEE /* Build configuration list for PBXNativeTarget "Finder" */ = {
			isa = XCConfigurationList;
			buildConfigurations = (
				6512EB582C7736180044FDEE /* Debug */,
				6512EB592C7736180044FDEE /* Release */,
			);
			defaultConfigurationIsVisible = 0;
			defaultConfigurationName = Release;
		};
/* End XCConfigurationList section */

/* Begin XCRemoteSwiftPackageReference section */
		6512EB5D2C7737B40044FDEE /* XCRemoteSwiftPackageReference "alamofire" */ = {
			isa = XCRemoteSwiftPackageReference;
			repositoryURL = "https://github.com/alamofire/alamofire";
			requirement = {
				kind = upToNextMajorVersion;
				minimumVersion = 5.9.1;
			};
		};
/* End XCRemoteSwiftPackageReference section */

/* Begin XCSwiftPackageProductDependency section */
		6512EB5E2C7737B40044FDEE /* Alamofire */ = {
			isa = XCSwiftPackageProductDependency;
			package = 6512EB5D2C7737B40044FDEE /* XCRemoteSwiftPackageReference "alamofire" */;
			productName = Alamofire;
		};
		6512EB602C7737B40044FDEE /* AlamofireDynamic */ = {
			isa = XCSwiftPackageProductDependency;
			package = 6512EB5D2C7737B40044FDEE /* XCRemoteSwiftPackageReference "alamofire" */;
			productName = AlamofireDynamic;
		};
/* End XCSwiftPackageProductDependency section */
	};
	rootObject = 6512EB412C7736170044FDEE /* Project object */;
}
